
Microsoft Visual Studio Solution File, Format Version 12.00
# Visual Studio Version 16
VisualStudioVersion = 16.0.29926.136
MinimumVisualStudioVersion = 10.0.40219.1
Project("{FAE04EC0-301F-11D3-BF4B-00C04F79EFBC}") = "Level1", "Level1\Level1.csproj", "{A5C3DE37-8B0F-442D-AD28-65545C06677F}"
EndProject
Project("{FAE04EC0-301F-11D3-BF4B-00C04F79EFBC}") = "Lesson2", "Lesson2\Lesson2.csproj", "{85DD0A82-1195-4A45-83C4-87F4ECDAB8B3}"
EndProject
Project("{FAE04EC0-301F-11D3-BF4B-00C04F79EFBC}") = "Lesson2Homework", "Lesson2Homework\Lesson2Homework.csproj", "{9DDEE0C3-7057-44D2-ACFB-78DA1B04C0CB}"
EndProject
Project("{FAE04EC0-301F-11D3-BF4B-00C04F79EFBC}") = "Lesson3Homework", "Lesson3Homework\Lesson3Homework.csproj", "{C8154B5B-0C11-4F9C-A5F7-3D99ABF8DBA0}"
EndProject
Project("{FAE04EC0-301F-11D3-BF4B-00C04F79EFBC}") = "Lesson4Homework", "Lesson4Homework\Lesson4Homework.csproj", "{77822A6C-C5C4-4295-BDCE-C1AC9D73D390}"
EndProject
Project("{FAE04EC0-301F-11D3-BF4B-00C04F79EFBC}") = "Lesson5Homework", "Lesson5Homework\Lesson5Homework.csproj", "{58AEC8C1-BB86-49DF-90C4-9397A70AC91F}"
EndProject
Project("{FAE04EC0-301F-11D3-BF4B-00C04F79EFBC}") = "Lesson5Homework2", "Lesson5Homework2\Lesson5Homework2.csproj", "{EB840EA4-F599-4742-902C-37E681D47376}"
EndProject
Project("{FAE04EC0-301F-11D3-BF4B-00C04F79EFBC}") = "Lesson5Homework3", "Lesson5Homework3\Lesson5Homework3.csproj", "{F00D4FA9-F7D3-416C-9BF2-4CDF472BEDD7}"
EndProject
Project("{FAE04EC0-301F-11D3-BF4B-00C04F79EFBC}") = "Lesson6 Homework1", "Lesson6 Homework1\Lesson6 Homework1.csproj", "{2781306E-558D-4C36-8FF5-A8F2DB657AD2}"
EndProject
Project("{FAE04EC0-301F-11D3-BF4B-00C04F79EFBC}") = "Lesson6 Homework2", "Lesson6 Homework2\Lesson6 Homework2.csproj", "{74721F82-42B7-401A-981F-A868CCEB75B7}"
EndProject
Project("{FAE04EC0-301F-11D3-BF4B-00C04F79EFBC}") = "Lesson6 Homework 3", "Lesson6 Homework 3\Lesson6 Homework 3.csproj", "{5D7EE314-DBEE-42D8-98F1-877C7248CF77}"
EndProject
Project("{FAE04EC0-301F-11D3-BF4B-00C04F79EFBC}") = "Lesson6 Homework4", "Lesson6 Homework4\Lesson6 Homework4.csproj", "{A9528456-F617-42DF-8299-DE399820BE0A}"
EndProject
Project("{FAE04EC0-301F-11D3-BF4B-00C04F79EFBC}") = "Lesson6 Homework5", "Lesson6 Homework5\Lesson6 Homework5.csproj", "{993E009A-8EA1-4DDE-9B76-D4F775A6BC62}"
EndProject
Project("{FAE04EC0-301F-11D3-BF4B-00C04F79EFBC}") = "Lesson5 Homework 4", "Lesson5 Homework 4\Lesson5 Homework 4.csproj", "{322FDC8C-444F-4E73-BAA6-789537E77F3D}"
EndProject
Global
	GlobalSection(SolutionConfigurationPlatforms) = preSolution
		Debug|Any CPU = Debug|Any CPU
		Release|Any CPU = Release|Any CPU
	EndGlobalSection
	GlobalSection(ProjectConfigurationPlatforms) = postSolution
		{A5C3DE37-8B0F-442D-AD28-65545C06677F}.Debug|Any CPU.ActiveCfg = Debug|Any CPU
		{A5C3DE37-8B0F-442D-AD28-65545C06677F}.Debug|Any CPU.Build.0 = Debug|Any CPU
		{A5C3DE37-8B0F-442D-AD28-65545C06677F}.Release|Any CPU.ActiveCfg = Release|Any CPU
		{A5C3DE37-8B0F-442D-AD28-65545C06677F}.Release|Any CPU.Build.0 = Release|Any CPU
		{85DD0A82-1195-4A45-83C4-87F4ECDAB8B3}.Debug|Any CPU.ActiveCfg = Debug|Any CPU
		{85DD0A82-1195-4A45-83C4-87F4ECDAB8B3}.Debug|Any CPU.Build.0 = Debug|Any CPU
		{85DD0A82-1195-4A45-83C4-87F4ECDAB8B3}.Release|Any CPU.ActiveCfg = Release|Any CPU
		{85DD0A82-1195-4A45-83C4-87F4ECDAB8B3}.Release|Any CPU.Build.0 = Release|Any CPU
		{9DDEE0C3-7057-44D2-ACFB-78DA1B04C0CB}.Debug|Any CPU.ActiveCfg = Debug|Any CPU
		{9DDEE0C3-7057-44D2-ACFB-78DA1B04C0CB}.Debug|Any CPU.Build.0 = Debug|Any CPU
		{9DDEE0C3-7057-44D2-ACFB-78DA1B04C0CB}.Release|Any CPU.ActiveCfg = Release|Any CPU
		{9DDEE0C3-7057-44D2-ACFB-78DA1B04C0CB}.Release|Any CPU.Build.0 = Release|Any CPU
		{C8154B5B-0C11-4F9C-A5F7-3D99ABF8DBA0}.Debug|Any CPU.ActiveCfg = Debug|Any CPU
		{C8154B5B-0C11-4F9C-A5F7-3D99ABF8DBA0}.Debug|Any CPU.Build.0 = Debug|Any CPU
		{C8154B5B-0C11-4F9C-A5F7-3D99ABF8DBA0}.Release|Any CPU.ActiveCfg = Release|Any CPU
		{C8154B5B-0C11-4F9C-A5F7-3D99ABF8DBA0}.Release|Any CPU.Build.0 = Release|Any CPU
		{77822A6C-C5C4-4295-BDCE-C1AC9D73D390}.Debug|Any CPU.ActiveCfg = Debug|Any CPU
		{77822A6C-C5C4-4295-BDCE-C1AC9D73D390}.Debug|Any CPU.Build.0 = Debug|Any CPU
		{77822A6C-C5C4-4295-BDCE-C1AC9D73D390}.Release|Any CPU.ActiveCfg = Release|Any CPU
		{77822A6C-C5C4-4295-BDCE-C1AC9D73D390}.Release|Any CPU.Build.0 = Release|Any CPU
		{58AEC8C1-BB86-49DF-90C4-9397A70AC91F}.Debug|Any CPU.ActiveCfg = Debug|Any CPU
		{58AEC8C1-BB86-49DF-90C4-9397A70AC91F}.Debug|Any CPU.Build.0 = Debug|Any CPU
		{58AEC8C1-BB86-49DF-90C4-9397A70AC91F}.Release|Any CPU.ActiveCfg = Release|Any CPU
		{58AEC8C1-BB86-49DF-90C4-9397A70AC91F}.Release|Any CPU.Build.0 = Release|Any CPU
		{EB840EA4-F599-4742-902C-37E681D47376}.Debug|Any CPU.ActiveCfg = Debug|Any CPU
		{EB840EA4-F599-4742-902C-37E681D47376}.Debug|Any CPU.Build.0 = Debug|Any CPU
		{EB840EA4-F599-4742-902C-37E681D47376}.Release|Any CPU.ActiveCfg = Release|Any CPU
		{EB840EA4-F599-4742-902C-37E681D47376}.Release|Any CPU.Build.0 = Release|Any CPU
		{F00D4FA9-F7D3-416C-9BF2-4CDF472BEDD7}.Debug|Any CPU.ActiveCfg = Debug|Any CPU
		{F00D4FA9-F7D3-416C-9BF2-4CDF472BEDD7}.Debug|Any CPU.Build.0 = Debug|Any CPU
		{F00D4FA9-F7D3-416C-9BF2-4CDF472BEDD7}.Release|Any CPU.ActiveCfg = Release|Any CPU
		{F00D4FA9-F7D3-416C-9BF2-4CDF472BEDD7}.Release|Any CPU.Build.0 = Release|Any CPU
		{2781306E-558D-4C36-8FF5-A8F2DB657AD2}.Debug|Any CPU.ActiveCfg = Debug|Any CPU
		{2781306E-558D-4C36-8FF5-A8F2DB657AD2}.Debug|Any CPU.Build.0 = Debug|Any CPU
		{2781306E-558D-4C36-8FF5-A8F2DB657AD2}.Release|Any CPU.ActiveCfg = Release|Any CPU
		{2781306E-558D-4C36-8FF5-A8F2DB657AD2}.Release|Any CPU.Build.0 = Release|Any CPU
		{74721F82-42B7-401A-981F-A868CCEB75B7}.Debug|Any CPU.ActiveCfg = Debug|Any CPU
		{74721F82-42B7-401A-981F-A868CCEB75B7}.Debug|Any CPU.Build.0 = Debug|Any CPU
		{74721F82-42B7-401A-981F-A868CCEB75B7}.Release|Any CPU.ActiveCfg = Release|Any CPU
		{74721F82-42B7-401A-981F-A868CCEB75B7}.Release|Any CPU.Build.0 = Release|Any CPU
		{5D7EE314-DBEE-42D8-98F1-877C7248CF77}.Debug|Any CPU.ActiveCfg = Debug|Any CPU
		{5D7EE314-DBEE-42D8-98F1-877C7248CF77}.Debug|Any CPU.Build.0 = Debug|Any CPU
		{5D7EE314-DBEE-42D8-98F1-877C7248CF77}.Release|Any CPU.ActiveCfg = Release|Any CPU
		{5D7EE314-DBEE-42D8-98F1-877C7248CF77}.Release|Any CPU.Build.0 = Release|Any CPU
		{A9528456-F617-42DF-8299-DE399820BE0A}.Debug|Any CPU.ActiveCfg = Debug|Any CPU
		{A9528456-F617-42DF-8299-DE399820BE0A}.Debug|Any CPU.Build.0 = Debug|Any CPU
		{A9528456-F617-42DF-8299-DE399820BE0A}.Release|Any CPU.ActiveCfg = Release|Any CPU
		{A9528456-F617-42DF-8299-DE399820BE0A}.Release|Any CPU.Build.0 = Release|Any CPU
		{993E009A-8EA1-4DDE-9B76-D4F775A6BC62}.Debug|Any CPU.ActiveCfg = Debug|Any CPU
		{993E009A-8EA1-4DDE-9B76-D4F775A6BC62}.Debug|Any CPU.Build.0 = Debug|Any CPU
		{993E009A-8EA1-4DDE-9B76-D4F775A6BC62}.Release|Any CPU.ActiveCfg = Release|Any CPU
		{993E009A-8EA1-4DDE-9B76-D4F775A6BC62}.Release|Any CPU.Build.0 = Release|Any CPU
		{322FDC8C-444F-4E73-BAA6-789537E77F3D}.Debug|Any CPU.ActiveCfg = Debug|Any CPU
		{322FDC8C-444F-4E73-BAA6-789537E77F3D}.Debug|Any CPU.Build.0 = Debug|Any CPU
		{322FDC8C-444F-4E73-BAA6-789537E77F3D}.Release|Any CPU.ActiveCfg = Release|Any CPU
		{322FDC8C-444F-4E73-BAA6-789537E77F3D}.Release|Any CPU.Build.0 = Release|Any CPU
	EndGlobalSection
	GlobalSection(SolutionProperties) = preSolution
		HideSolutionNode = FALSE
	EndGlobalSection
	GlobalSection(ExtensibilityGlobals) = postSolution
		SolutionGuid = {21595DE2-9C87-4BBC-8224-426560D49CDE}
	EndGlobalSection
EndGlobal
